// !$*UTF8*$!
{
	archiveVersion = 1;
	classes = {
	};
	objectVersion = 48;
	objects = {

/* Begin PBXBuildFile section */
		3F5DED481FC868BE004254F7 /* NSObject+TPUSELNormalForwarding.m in Sources */ = {isa = PBXBuildFile; fileRef = 3FDC634B1FC7DF3600524907 /* NSObject+TPUSELNormalForwarding.m */; };
		3F5DED491FC868C3004254F7 /* TPUSELNormalForwarding.h in Headers */ = {isa = PBXBuildFile; fileRef = 3FDC63361FC7DD5300524907 /* TPUSELNormalForwarding.h */; settings = {ATTRIBUTES = (Public, ); }; };
		3F5DED4A1FC868C3004254F7 /* NSObject+TPUSELNormalForwarding.h in Headers */ = {isa = PBXBuildFile; fileRef = 3FDC634C1FC7DF3600524907 /* NSObject+TPUSELNormalForwarding.h */; settings = {ATTRIBUTES = (Public, ); }; };
		3F5DED4B1FC868CD004254F7 /* TPUSELNormalForwarding.h in Headers */ = {isa = PBXBuildFile; fileRef = 3FDC63361FC7DD5300524907 /* TPUSELNormalForwarding.h */; settings = {ATTRIBUTES = (Public, ); }; };
		3F5DED4C1FC868D0004254F7 /* NSObject+TPUSELNormalForwarding.h in Headers */ = {isa = PBXBuildFile; fileRef = 3FDC634C1FC7DF3600524907 /* NSObject+TPUSELNormalForwarding.h */; settings = {ATTRIBUTES = (Public, ); }; };
		3F5DED4D1FC868D1004254F7 /* NSObject+TPUSELNormalForwarding.m in Sources */ = {isa = PBXBuildFile; fileRef = 3FDC634B1FC7DF3600524907 /* NSObject+TPUSELNormalForwarding.m */; };
		3F5DED4E1FC868D4004254F7 /* NSObject+TPUSELNormalForwarding.m in Sources */ = {isa = PBXBuildFile; fileRef = 3FDC634B1FC7DF3600524907 /* NSObject+TPUSELNormalForwarding.m */; };
		3F5DED4F1FC868D6004254F7 /* NSObject+TPUSELNormalForwarding.h in Headers */ = {isa = PBXBuildFile; fileRef = 3FDC634C1FC7DF3600524907 /* NSObject+TPUSELNormalForwarding.h */; settings = {ATTRIBUTES = (Public, ); }; };
		3F5DED501FC868D8004254F7 /* TPUSELNormalForwarding.h in Headers */ = {isa = PBXBuildFile; fileRef = 3FDC63361FC7DD5300524907 /* TPUSELNormalForwarding.h */; settings = {ATTRIBUTES = (Public, ); }; };
		3FDC63381FC7DD5300524907 /* TPUSELNormalForwarding.h in Headers */ = {isa = PBXBuildFile; fileRef = 3FDC63361FC7DD5300524907 /* TPUSELNormalForwarding.h */; settings = {ATTRIBUTES = (Public, ); }; };
		3FDC634D1FC7DF3600524907 /* NSObject+TPUSELNormalForwarding.m in Sources */ = {isa = PBXBuildFile; fileRef = 3FDC634B1FC7DF3600524907 /* NSObject+TPUSELNormalForwarding.m */; };
		3FDC634E1FC7DF3600524907 /* NSObject+TPUSELNormalForwarding.h in Headers */ = {isa = PBXBuildFile; fileRef = 3FDC634C1FC7DF3600524907 /* NSObject+TPUSELNormalForwarding.h */; settings = {ATTRIBUTES = (Public, ); }; };
		3FF1466C1FC871DC0023D67B /* main.m in Sources */ = {isa = PBXBuildFile; fileRef = 3FF1466B1FC871DC0023D67B /* main.m */; };
		3FF146721FC871F00023D67B /* TPUSELNormalForwarding.framework in Frameworks */ = {isa = PBXBuildFile; fileRef = 3F5DECD91FC867B2004254F7 /* TPUSELNormalForwarding.framework */; };
/* End PBXBuildFile section */

/* Begin PBXContainerItemProxy section */
		3FF146701FC871E30023D67B /* PBXContainerItemProxy */ = {
			isa = PBXContainerItemProxy;
			containerPortal = 3FDC632A1FC7DD5300524907 /* Project object */;
			proxyType = 1;
			remoteGlobalIDString = 3F5DECD81FC867B2004254F7;
			remoteInfo = "TPUSELNormalForwarding macOS";
		};
/* End PBXContainerItemProxy section */

/* Begin PBXCopyFilesBuildPhase section */
		3FF146671FC871DC0023D67B /* CopyFiles */ = {
			isa = PBXCopyFilesBuildPhase;
			buildActionMask = 2147483647;
			dstPath = /usr/share/man/man1/;
			dstSubfolderSpec = 0;
			files = (
			);
			runOnlyForDeploymentPostprocessing = 1;
		};
/* End PBXCopyFilesBuildPhase section */

/* Begin PBXFileReference section */
		3F5DECCC1FC867A6004254F7 /* TPUSELNormalForwarding.framework */ = {isa = PBXFileReference; explicitFileType = wrapper.framework; includeInIndex = 0; path = TPUSELNormalForwarding.framework; sourceTree = BUILT_PRODUCTS_DIR; };
		3F5DECD91FC867B2004254F7 /* TPUSELNormalForwarding.framework */ = {isa = PBXFileReference; explicitFileType = wrapper.framework; includeInIndex = 0; path = TPUSELNormalForwarding.framework; sourceTree = BUILT_PRODUCTS_DIR; };
		3F5DECE61FC867C1004254F7 /* TPUSELNormalForwarding.framework */ = {isa = PBXFileReference; explicitFileType = wrapper.framework; includeInIndex = 0; path = TPUSELNormalForwarding.framework; sourceTree = BUILT_PRODUCTS_DIR; };
		3FA888441FC7F49E00CB27D5 /* TPUSELFastForwarding.framework */ = {isa = PBXFileReference; explicitFileType = wrapper.framework; path = TPUSELFastForwarding.framework; sourceTree = BUILT_PRODUCTS_DIR; };
		3FDC63331FC7DD5300524907 /* TPUSELNormalForwarding.framework */ = {isa = PBXFileReference; explicitFileType = wrapper.framework; includeInIndex = 0; path = TPUSELNormalForwarding.framework; sourceTree = BUILT_PRODUCTS_DIR; };
		3FDC63361FC7DD5300524907 /* TPUSELNormalForwarding.h */ = {isa = PBXFileReference; lastKnownFileType = sourcecode.c.h; path = TPUSELNormalForwarding.h; sourceTree = "<group>"; };
		3FDC63371FC7DD5300524907 /* Info.plist */ = {isa = PBXFileReference; lastKnownFileType = text.plist.xml; path = Info.plist; sourceTree = "<group>"; };
		3FDC634B1FC7DF3600524907 /* NSObject+TPUSELNormalForwarding.m */ = {isa = PBXFileReference; fileEncoding = 4; lastKnownFileType = sourcecode.c.objc; path = "NSObject+TPUSELNormalForwarding.m"; sourceTree = "<group>"; };
		3FDC634C1FC7DF3600524907 /* NSObject+TPUSELNormalForwarding.h */ = {isa = PBXFileReference; fileEncoding = 4; lastKnownFileType = sourcecode.c.h; path = "NSObject+TPUSELNormalForwarding.h"; sourceTree = "<group>"; };
		3FF146691FC871DC0023D67B /* TPUSELNormalForwarding Example */ = {isa = PBXFileReference; explicitFileType = "compiled.mach-o.executable"; includeInIndex = 0; path = "TPUSELNormalForwarding Example"; sourceTree = BUILT_PRODUCTS_DIR; };
		3FF1466B1FC871DC0023D67B /* main.m */ = {isa = PBXFileReference; lastKnownFileType = sourcecode.c.objc; path = main.m; sourceTree = "<group>"; };
/* End PBXFileReference section */

/* Begin PBXFrameworksBuildPhase section */
		3F5DECC81FC867A6004254F7 /* Frameworks */ = {
			isa = PBXFrameworksBuildPhase;
			buildActionMask = 2147483647;
			files = (
			);
			runOnlyForDeploymentPostprocessing = 0;
		};
		3F5DECD51FC867B2004254F7 /* Frameworks */ = {
			isa = PBXFrameworksBuildPhase;
			buildActionMask = 2147483647;
			files = (
			);
			runOnlyForDeploymentPostprocessing = 0;
		};
		3F5DECE21FC867C1004254F7 /* Frameworks */ = {
			isa = PBXFrameworksBuildPhase;
			buildActionMask = 2147483647;
			files = (
			);
			runOnlyForDeploymentPostprocessing = 0;
		};
		3FDC632F1FC7DD5300524907 /* Frameworks */ = {
			isa = PBXFrameworksBuildPhase;
			buildActionMask = 2147483647;
			files = (
			);
			runOnlyForDeploymentPostprocessing = 0;
		};
		3FF146661FC871DC0023D67B /* Frameworks */ = {
			isa = PBXFrameworksBuildPhase;
			buildActionMask = 2147483647;
			files = (
				3FF146721FC871F00023D67B /* TPUSELNormalForwarding.framework in Frameworks */,
			);
			runOnlyForDeploymentPostprocessing = 0;
		};
/* End PBXFrameworksBuildPhase section */

/* Begin PBXGroup section */
		3FA888421FC7F49E00CB27D5 /* Frameworks */ = {
			isa = PBXGroup;
			children = (
				3FA888441FC7F49E00CB27D5 /* TPUSELFastForwarding.framework */,
			);
			name = Frameworks;
			sourceTree = "<group>";
		};
		3FDC63291FC7DD5300524907 = {
			isa = PBXGroup;
			children = (
				3FDC63351FC7DD5300524907 /* TPUSELNormalForwarding */,
				3FDC634A1FC7DEC900524907 /* Sources */,
				3FF1466A1FC871DC0023D67B /* Example */,
				3FDC63341FC7DD5300524907 /* Products */,
				3FA888421FC7F49E00CB27D5 /* Frameworks */,
			);
			sourceTree = "<group>";
		};
		3FDC63341FC7DD5300524907 /* Products */ = {
			isa = PBXGroup;
			children = (
				3FDC63331FC7DD5300524907 /* TPUSELNormalForwarding.framework */,
				3F5DECCC1FC867A6004254F7 /* TPUSELNormalForwarding.framework */,
				3F5DECD91FC867B2004254F7 /* TPUSELNormalForwarding.framework */,
				3F5DECE61FC867C1004254F7 /* TPUSELNormalForwarding.framework */,
				3FF146691FC871DC0023D67B /* TPUSELNormalForwarding Example */,
			);
			name = Products;
			sourceTree = "<group>";
		};
		3FDC63351FC7DD5300524907 /* TPUSELNormalForwarding */ = {
			isa = PBXGroup;
			children = (
				3FDC63371FC7DD5300524907 /* Info.plist */,
			);
			path = TPUSELNormalForwarding;
			sourceTree = "<group>";
		};
		3FDC634A1FC7DEC900524907 /* Sources */ = {
			isa = PBXGroup;
			children = (
				3FDC63361FC7DD5300524907 /* TPUSELNormalForwarding.h */,
				3FDC634C1FC7DF3600524907 /* NSObject+TPUSELNormalForwarding.h */,
				3FDC634B1FC7DF3600524907 /* NSObject+TPUSELNormalForwarding.m */,
			);
			path = Sources;
			sourceTree = "<group>";
		};
		3FF1466A1FC871DC0023D67B /* Example */ = {
			isa = PBXGroup;
			children = (
				3FF1466B1FC871DC0023D67B /* main.m */,
			);
			path = Example;
			sourceTree = "<group>";
		};
/* End PBXGroup section */

/* Begin PBXHeadersBuildPhase section */
		3F5DECC91FC867A6004254F7 /* Headers */ = {
			isa = PBXHeadersBuildPhase;
			buildActionMask = 2147483647;
			files = (
				3F5DED491FC868C3004254F7 /* TPUSELNormalForwarding.h in Headers */,
				3F5DED4A1FC868C3004254F7 /* NSObject+TPUSELNormalForwarding.h in Headers */,
			);
			runOnlyForDeploymentPostprocessing = 0;
		};
		3F5DECD61FC867B2004254F7 /* Headers */ = {
			isa = PBXHeadersBuildPhase;
			buildActionMask = 2147483647;
			files = (
				3F5DED4B1FC868CD004254F7 /* TPUSELNormalForwarding.h in Headers */,
				3F5DED4C1FC868D0004254F7 /* NSObject+TPUSELNormalForwarding.h in Headers */,
			);
			runOnlyForDeploymentPostprocessing = 0;
		};
		3F5DECE31FC867C1004254F7 /* Headers */ = {
			isa = PBXHeadersBuildPhase;
			buildActionMask = 2147483647;
			files = (
				3F5DED501FC868D8004254F7 /* TPUSELNormalForwarding.h in Headers */,
				3F5DED4F1FC868D6004254F7 /* NSObject+TPUSELNormalForwarding.h in Headers */,
			);
			runOnlyForDeploymentPostprocessing = 0;
		};
		3FDC63301FC7DD5300524907 /* Headers */ = {
			isa = PBXHeadersBuildPhase;
			buildActionMask = 2147483647;
			files = (
				3FDC63381FC7DD5300524907 /* TPUSELNormalForwarding.h in Headers */,
				3FDC634E1FC7DF3600524907 /* NSObject+TPUSELNormalForwarding.h in Headers */,
			);
			runOnlyForDeploymentPostprocessing = 0;
		};
/* End PBXHeadersBuildPhase section */

/* Begin PBXNativeTarget section */
		3F5DECCB1FC867A6004254F7 /* TPUSELNormalForwarding tvOS */ = {
			isa = PBXNativeTarget;
			buildConfigurationList = 3F5DECD11FC867A7004254F7 /* Build configuration list for PBXNativeTarget "TPUSELNormalForwarding tvOS" */;
			buildPhases = (
				3F5DECC71FC867A6004254F7 /* Sources */,
				3F5DECC81FC867A6004254F7 /* Frameworks */,
				3F5DECC91FC867A6004254F7 /* Headers */,
				3F5DECCA1FC867A6004254F7 /* Resources */,
			);
			buildRules = (
			);
			dependencies = (
			);
			name = "TPUSELNormalForwarding tvOS";
			productName = "TPUSELNormalForwarding tvOS";
			productReference = 3F5DECCC1FC867A6004254F7 /* TPUSELNormalForwarding.framework */;
			productType = "com.apple.product-type.framework";
		};
		3F5DECD81FC867B2004254F7 /* TPUSELNormalForwarding macOS */ = {
			isa = PBXNativeTarget;
			buildConfigurationList = 3F5DECDE1FC867B2004254F7 /* Build configuration list for PBXNativeTarget "TPUSELNormalForwarding macOS" */;
			buildPhases = (
				3F5DECD41FC867B2004254F7 /* Sources */,
				3F5DECD51FC867B2004254F7 /* Frameworks */,
				3F5DECD61FC867B2004254F7 /* Headers */,
				3F5DECD71FC867B2004254F7 /* Resources */,
			);
			buildRules = (
			);
			dependencies = (
			);
			name = "TPUSELNormalForwarding macOS";
			productName = "TPUSELNormalForwarding macOS";
			productReference = 3F5DECD91FC867B2004254F7 /* TPUSELNormalForwarding.framework */;
			productType = "com.apple.product-type.framework";
		};
		3F5DECE51FC867C1004254F7 /* TPUSELNormalForwarding watchOS */ = {
			isa = PBXNativeTarget;
			buildConfigurationList = 3F5DECEB1FC867C1004254F7 /* Build configuration list for PBXNativeTarget "TPUSELNormalForwarding watchOS" */;
			buildPhases = (
				3F5DECE11FC867C1004254F7 /* Sources */,
				3F5DECE21FC867C1004254F7 /* Frameworks */,
				3F5DECE31FC867C1004254F7 /* Headers */,
				3F5DECE41FC867C1004254F7 /* Resources */,
			);
			buildRules = (
			);
			dependencies = (
			);
			name = "TPUSELNormalForwarding watchOS";
			productName = "TPUSELNormalForwarding watchOS";
			productReference = 3F5DECE61FC867C1004254F7 /* TPUSELNormalForwarding.framework */;
			productType = "com.apple.product-type.framework";
		};
		3FDC63321FC7DD5300524907 /* TPUSELNormalForwarding iOS */ = {
			isa = PBXNativeTarget;
			buildConfigurationList = 3FDC633B1FC7DD5300524907 /* Build configuration list for PBXNativeTarget "TPUSELNormalForwarding iOS" */;
			buildPhases = (
				3FDC632E1FC7DD5300524907 /* Sources */,
				3FDC632F1FC7DD5300524907 /* Frameworks */,
				3FDC63301FC7DD5300524907 /* Headers */,
				3FDC63311FC7DD5300524907 /* Resources */,
			);
			buildRules = (
			);
			dependencies = (
			);
			name = "TPUSELNormalForwarding iOS";
			productName = TPUSELNormalForwarding;
			productReference = 3FDC63331FC7DD5300524907 /* TPUSELNormalForwarding.framework */;
			productType = "com.apple.product-type.framework";
		};
		3FF146681FC871DC0023D67B /* TPUSELNormalForwarding Example */ = {
			isa = PBXNativeTarget;
			buildConfigurationList = 3FF1466D1FC871DC0023D67B /* Build configuration list for PBXNativeTarget "TPUSELNormalForwarding Example" */;
			buildPhases = (
				3FF146651FC871DC0023D67B /* Sources */,
				3FF146661FC871DC0023D67B /* Frameworks */,
				3FF146671FC871DC0023D67B /* CopyFiles */,
			);
			buildRules = (
			);
			dependencies = (
				3FF146711FC871E30023D67B /* PBXTargetDependency */,
			);
			name = "TPUSELNormalForwarding Example";
			productName = Example;
			productReference = 3FF146691FC871DC0023D67B /* TPUSELNormalForwarding Example */;
			productType = "com.apple.product-type.tool";
		};
/* End PBXNativeTarget section */

/* Begin PBXProject section */
		3FDC632A1FC7DD5300524907 /* Project object */ = {
			isa = PBXProject;
			attributes = {
				LastUpgradeCheck = 0910;
				ORGANIZATIONNAME = "邵伟男";
				TargetAttributes = {
					3F5DECCB1FC867A6004254F7 = {
						CreatedOnToolsVersion = 9.1;
						ProvisioningStyle = Automatic;
					};
					3F5DECD81FC867B2004254F7 = {
						CreatedOnToolsVersion = 9.1;
						ProvisioningStyle = Automatic;
					};
					3F5DECE51FC867C1004254F7 = {
						CreatedOnToolsVersion = 9.1;
						ProvisioningStyle = Automatic;
					};
					3FDC63321FC7DD5300524907 = {
						CreatedOnToolsVersion = 9.1;
						ProvisioningStyle = Automatic;
					};
					3FF146681FC871DC0023D67B = {
						CreatedOnToolsVersion = 9.1;
						ProvisioningStyle = Automatic;
					};
				};
			};
			buildConfigurationList = 3FDC632D1FC7DD5300524907 /* Build configuration list for PBXProject "TPUSELNormalForwarding" */;
			compatibilityVersion = "Xcode 8.0";
			developmentRegion = en;
			hasScannedForEncodings = 0;
			knownRegions = (
				en,
				Base,
			);
			mainGroup = 3FDC63291FC7DD5300524907;
			productRefGroup = 3FDC63341FC7DD5300524907 /* Products */;
			projectDirPath = "";
			projectRoot = "";
			targets = (
				3FDC63321FC7DD5300524907 /* TPUSELNormalForwarding iOS */,
				3F5DECCB1FC867A6004254F7 /* TPUSELNormalForwarding tvOS */,
				3F5DECD81FC867B2004254F7 /* TPUSELNormalForwarding macOS */,
				3F5DECE51FC867C1004254F7 /* TPUSELNormalForwarding watchOS */,
				3FF146681FC871DC0023D67B /* TPUSELNormalForwarding Example */,
			);
		};
/* End PBXProject section */

/* Begin PBXResourcesBuildPhase section */
		3F5DECCA1FC867A6004254F7 /* Resources */ = {
			isa = PBXResourcesBuildPhase;
			buildActionMask = 2147483647;
			files = (
			);
			runOnlyForDeploymentPostprocessing = 0;
		};
		3F5DECD71FC867B2004254F7 /* Resources */ = {
			isa = PBXResourcesBuildPhase;
			buildActionMask = 2147483647;
			files = (
			);
			runOnlyForDeploymentPostprocessing = 0;
		};
		3F5DECE41FC867C1004254F7 /* Resources */ = {
			isa = PBXResourcesBuildPhase;
			buildActionMask = 2147483647;
			files = (
			);
			runOnlyForDeploymentPostprocessing = 0;
		};
		3FDC63311FC7DD5300524907 /* Resources */ = {
			isa = PBXResourcesBuildPhase;
			buildActionMask = 2147483647;
			files = (
			);
			runOnlyForDeploymentPostprocessing = 0;
		};
/* End PBXResourcesBuildPhase section */

/* Begin PBXSourcesBuildPhase section */
		3F5DECC71FC867A6004254F7 /* Sources */ = {
			isa = PBXSourcesBuildPhase;
			buildActionMask = 2147483647;
			files = (
				3F5DED481FC868BE004254F7 /* NSObject+TPUSELNormalForwarding.m in Sources */,
			);
			runOnlyForDeploymentPostprocessing = 0;
		};
		3F5DECD41FC867B2004254F7 /* Sources */ = {
			isa = PBXSourcesBuildPhase;
			buildActionMask = 2147483647;
			files = (
				3F5DED4D1FC868D1004254F7 /* NSObject+TPUSELNormalForwarding.m in Sources */,
			);
			runOnlyForDeploymentPostprocessing = 0;
		};
		3F5DECE11FC867C1004254F7 /* Sources */ = {
			isa = PBXSourcesBuildPhase;
			buildActionMask = 2147483647;
			files = (
				3F5DED4E1FC868D4004254F7 /* NSObject+TPUSELNormalForwarding.m in Sources */,
			);
			runOnlyForDeploymentPostprocessing = 0;
		};
		3FDC632E1FC7DD5300524907 /* Sources */ = {
			isa = PBXSourcesBuildPhase;
			buildActionMask = 2147483647;
			files = (
				3FDC634D1FC7DF3600524907 /* NSObject+TPUSELNormalForwarding.m in Sources */,
			);
			runOnlyForDeploymentPostprocessing = 0;
		};
		3FF146651FC871DC0023D67B /* Sources */ = {
			isa = PBXSourcesBuildPhase;
			buildActionMask = 2147483647;
			files = (
				3FF1466C1FC871DC0023D67B /* main.m in Sources */,
			);
			runOnlyForDeploymentPostprocessing = 0;
		};
/* End PBXSourcesBuildPhase section */

/* Begin PBXTargetDependency section */
		3FF146711FC871E30023D67B /* PBXTargetDependency */ = {
			isa = PBXTargetDependency;
			target = 3F5DECD81FC867B2004254F7 /* TPUSELNormalForwarding macOS */;
			targetProxy = 3FF146701FC871E30023D67B /* PBXContainerItemProxy */;
		};
/* End PBXTargetDependency section */

/* Begin XCBuildConfiguration section */
		3F5DECD21FC867A7004254F7 /* Debug */ = {
			isa = XCBuildConfiguration;
			buildSettings = {
				CODE_SIGN_IDENTITY = "";
				CODE_SIGN_STYLE = Automatic;
				DEFINES_MODULE = YES;
				DEVELOPMENT_TEAM = TS9WTSBK78;
				DYLIB_COMPATIBILITY_VERSION = 1;
				DYLIB_CURRENT_VERSION = 1;
				DYLIB_INSTALL_NAME_BASE = "@rpath";
				INFOPLIST_FILE = "$(SRCROOT)/TPUSELNormalForwarding/Info.plist";
				INSTALL_PATH = "$(LOCAL_LIBRARY_DIR)/Frameworks";
				LD_RUNPATH_SEARCH_PATHS = "$(inherited) @executable_path/Frameworks @loader_path/Frameworks";
				PRODUCT_BUNDLE_IDENTIFIER = "tbd.tech.TPUSELNormalForwarding-tvOS";
				PRODUCT_NAME = TPUSELNormalForwarding;
				SDKROOT = appletvos;
				SKIP_INSTALL = YES;
				TARGETED_DEVICE_FAMILY = 3;
				TVOS_DEPLOYMENT_TARGET = 9.0;
			};
			name = Debug;
		};
		3F5DECD31FC867A7004254F7 /* Release */ = {
			isa = XCBuildConfiguration;
			buildSettings = {
				CODE_SIGN_IDENTITY = "";
				CODE_SIGN_STYLE = Automatic;
				DEFINES_MODULE = YES;
				DEVELOPMENT_TEAM = TS9WTSBK78;
				DYLIB_COMPATIBILITY_VERSION = 1;
				DYLIB_CURRENT_VERSION = 1;
				DYLIB_INSTALL_NAME_BASE = "@rpath";
				INFOPLIST_FILE = "$(SRCROOT)/TPUSELNormalForwarding/Info.plist";
				INSTALL_PATH = "$(LOCAL_LIBRARY_DIR)/Frameworks";
				LD_RUNPATH_SEARCH_PATHS = "$(inherited) @executable_path/Frameworks @loader_path/Frameworks";
				PRODUCT_BUNDLE_IDENTIFIER = "tbd.tech.TPUSELNormalForwarding-tvOS";
				PRODUCT_NAME = TPUSELNormalForwarding;
				SDKROOT = appletvos;
				SKIP_INSTALL = YES;
				TARGETED_DEVICE_FAMILY = 3;
				TVOS_DEPLOYMENT_TARGET = 9.0;
			};
			name = Release;
		};
		3F5DECDF1FC867B2004254F7 /* Debug */ = {
			isa = XCBuildConfiguration;
			buildSettings = {
				CODE_SIGN_IDENTITY = "Mac Developer";
				CODE_SIGN_STYLE = Automatic;
				COMBINE_HIDPI_IMAGES = YES;
				DEFINES_MODULE = YES;
				DEVELOPMENT_TEAM = TS9WTSBK78;
				DYLIB_COMPATIBILITY_VERSION = 1;
				DYLIB_CURRENT_VERSION = 1;
				DYLIB_INSTALL_NAME_BASE = "@rpath";
				FRAMEWORK_VERSION = A;
				INFOPLIST_FILE = "$(SRCROOT)/TPUSELNormalForwarding/Info.plist";
				INSTALL_PATH = "$(LOCAL_LIBRARY_DIR)/Frameworks";
				LD_RUNPATH_SEARCH_PATHS = "$(inherited) @executable_path/../Frameworks @loader_path/Frameworks";
				MACOSX_DEPLOYMENT_TARGET = 10.6;
				PRODUCT_BUNDLE_IDENTIFIER = "tbd.tech.TPUSELNormalForwarding-macOS";
				PRODUCT_NAME = TPUSELNormalForwarding;
				SDKROOT = macosx;
				SKIP_INSTALL = YES;
			};
			name = Debug;
		};
		3F5DECE01FC867B2004254F7 /* Release */ = {
			isa = XCBuildConfiguration;
			buildSettings = {
				CODE_SIGN_IDENTITY = "Mac Developer";
				CODE_SIGN_STYLE = Automatic;
				COMBINE_HIDPI_IMAGES = YES;
				DEFINES_MODULE = YES;
				DEVELOPMENT_TEAM = TS9WTSBK78;
				DYLIB_COMPATIBILITY_VERSION = 1;
				DYLIB_CURRENT_VERSION = 1;
				DYLIB_INSTALL_NAME_BASE = "@rpath";
				FRAMEWORK_VERSION = A;
				INFOPLIST_FILE = "$(SRCROOT)/TPUSELNormalForwarding/Info.plist";
				INSTALL_PATH = "$(LOCAL_LIBRARY_DIR)/Frameworks";
				LD_RUNPATH_SEARCH_PATHS = "$(inherited) @executable_path/../Frameworks @loader_path/Frameworks";
				MACOSX_DEPLOYMENT_TARGET = 10.6;
				PRODUCT_BUNDLE_IDENTIFIER = "tbd.tech.TPUSELNormalForwarding-macOS";
				PRODUCT_NAME = TPUSELNormalForwarding;
				SDKROOT = macosx;
				SKIP_INSTALL = YES;
			};
			name = Release;
		};
		3F5DECEC1FC867C1004254F7 /* Debug */ = {
			isa = XCBuildConfiguration;
			buildSettings = {
				APPLICATION_EXTENSION_API_ONLY = YES;
				CODE_SIGN_IDENTITY = "";
				CODE_SIGN_STYLE = Automatic;
				DEFINES_MODULE = YES;
				DEVELOPMENT_TEAM = TS9WTSBK78;
				DYLIB_COMPATIBILITY_VERSION = 1;
				DYLIB_CURRENT_VERSION = 1;
				DYLIB_INSTALL_NAME_BASE = "@rpath";
				INFOPLIST_FILE = "$(SRCROOT)/TPUSELNormalForwarding/Info.plist";
				INSTALL_PATH = "$(LOCAL_LIBRARY_DIR)/Frameworks";
				LD_RUNPATH_SEARCH_PATHS = "$(inherited) @executable_path/Frameworks @loader_path/Frameworks";
				PRODUCT_BUNDLE_IDENTIFIER = "tbd.tech.TPUSELNormalForwarding-watchOS";
				PRODUCT_NAME = TPUSELNormalForwarding;
				SDKROOT = watchos;
				SKIP_INSTALL = YES;
				TARGETED_DEVICE_FAMILY = 4;
				WATCHOS_DEPLOYMENT_TARGET = 2.0;
			};
			name = Debug;
		};
		3F5DECED1FC867C1004254F7 /* Release */ = {
			isa = XCBuildConfiguration;
			buildSettings = {
				APPLICATION_EXTENSION_API_ONLY = YES;
				CODE_SIGN_IDENTITY = "";
				CODE_SIGN_STYLE = Automatic;
				DEFINES_MODULE = YES;
				DEVELOPMENT_TEAM = TS9WTSBK78;
				DYLIB_COMPATIBILITY_VERSION = 1;
				DYLIB_CURRENT_VERSION = 1;
				DYLIB_INSTALL_NAME_BASE = "@rpath";
				INFOPLIST_FILE = "$(SRCROOT)/TPUSELNormalForwarding/Info.plist";
				INSTALL_PATH = "$(LOCAL_LIBRARY_DIR)/Frameworks";
				LD_RUNPATH_SEARCH_PATHS = "$(inherited) @executable_path/Frameworks @loader_path/Frameworks";
				PRODUCT_BUNDLE_IDENTIFIER = "tbd.tech.TPUSELNormalForwarding-watchOS";
				PRODUCT_NAME = TPUSELNormalForwarding;
				SDKROOT = watchos;
				SKIP_INSTALL = YES;
				TARGETED_DEVICE_FAMILY = 4;
				WATCHOS_DEPLOYMENT_TARGET = 2.0;
			};
			name = Release;
		};
		3FDC63391FC7DD5300524907 /* Debug */ = {
			isa = XCBuildConfiguration;
			buildSettings = {
				ALWAYS_SEARCH_USER_PATHS = NO;
				CLANG_ANALYZER_NONNULL = YES;
				CLANG_ANALYZER_NUMBER_OBJECT_CONVERSION = YES_AGGRESSIVE;
				CLANG_CXX_LANGUAGE_STANDARD = "gnu++14";
				CLANG_CXX_LIBRARY = "libc++";
				CLANG_ENABLE_MODULES = YES;
				CLANG_ENABLE_OBJC_ARC = YES;
				CLANG_WARN_BLOCK_CAPTURE_AUTORELEASING = YES;
				CLANG_WARN_BOOL_CONVERSION = YES;
				CLANG_WARN_COMMA = YES;
				CLANG_WARN_CONSTANT_CONVERSION = YES;
				CLANG_WARN_DIRECT_OBJC_ISA_USAGE = YES_ERROR;
				CLANG_WARN_DOCUMENTATION_COMMENTS = YES;
				CLANG_WARN_EMPTY_BODY = YES;
				CLANG_WARN_ENUM_CONVERSION = YES;
				CLANG_WARN_INFINITE_RECURSION = YES;
				CLANG_WARN_INT_CONVERSION = YES;
				CLANG_WARN_NON_LITERAL_NULL_CONVERSION = YES;
				CLANG_WARN_OBJC_LITERAL_CONVERSION = YES;
				CLANG_WARN_OBJC_ROOT_CLASS = YES_ERROR;
				CLANG_WARN_RANGE_LOOP_ANALYSIS = YES;
				CLANG_WARN_STRICT_PROTOTYPES = YES;
				CLANG_WARN_SUSPICIOUS_MOVE = YES;
				CLANG_WARN_UNGUARDED_AVAILABILITY = YES_AGGRESSIVE;
				CLANG_WARN_UNREACHABLE_CODE = YES;
				CLANG_WARN__DUPLICATE_METHOD_MATCH = YES;
				CODE_SIGN_IDENTITY = "iPhone Developer";
				COPY_PHASE_STRIP = NO;
				CURRENT_PROJECT_VERSION = 1;
				DEBUG_INFORMATION_FORMAT = dwarf;
				ENABLE_STRICT_OBJC_MSGSEND = YES;
				ENABLE_TESTABILITY = YES;
				GCC_C_LANGUAGE_STANDARD = gnu11;
				GCC_DYNAMIC_NO_PIC = NO;
				GCC_NO_COMMON_BLOCKS = YES;
				GCC_OPTIMIZATION_LEVEL = 0;
				GCC_PREPROCESSOR_DEFINITIONS = (
					"DEBUG=1",
					"$(inherited)",
				);
				GCC_WARN_64_TO_32_BIT_CONVERSION = YES;
				GCC_WARN_ABOUT_RETURN_TYPE = YES_ERROR;
				GCC_WARN_UNDECLARED_SELECTOR = YES;
				GCC_WARN_UNINITIALIZED_AUTOS = YES_AGGRESSIVE;
				GCC_WARN_UNUSED_FUNCTION = YES;
				GCC_WARN_UNUSED_VARIABLE = YES;
				IPHONEOS_DEPLOYMENT_TARGET = 11.1;
				MTL_ENABLE_DEBUG_INFO = YES;
				ONLY_ACTIVE_ARCH = YES;
				SDKROOT = iphoneos;
				VERSIONING_SYSTEM = "apple-generic";
				VERSION_INFO_PREFIX = "";
			};
			name = Debug;
		};
		3FDC633A1FC7DD5300524907 /* Release */ = {
			isa = XCBuildConfiguration;
			buildSettings = {
				ALWAYS_SEARCH_USER_PATHS = NO;
				CLANG_ANALYZER_NONNULL = YES;
				CLANG_ANALYZER_NUMBER_OBJECT_CONVERSION = YES_AGGRESSIVE;
				CLANG_CXX_LANGUAGE_STANDARD = "gnu++14";
				CLANG_CXX_LIBRARY = "libc++";
				CLANG_ENABLE_MODULES = YES;
				CLANG_ENABLE_OBJC_ARC = YES;
				CLANG_WARN_BLOCK_CAPTURE_AUTORELEASING = YES;
				CLANG_WARN_BOOL_CONVERSION = YES;
				CLANG_WARN_COMMA = YES;
				CLANG_WARN_CONSTANT_CONVERSION = YES;
				CLANG_WARN_DIRECT_OBJC_ISA_USAGE = YES_ERROR;
				CLANG_WARN_DOCUMENTATION_COMMENTS = YES;
				CLANG_WARN_EMPTY_BODY = YES;
				CLANG_WARN_ENUM_CONVERSION = YES;
				CLANG_WARN_INFINITE_RECURSION = YES;
				CLANG_WARN_INT_CONVERSION = YES;
				CLANG_WARN_NON_LITERAL_NULL_CONVERSION = YES;
				CLANG_WARN_OBJC_LITERAL_CONVERSION = YES;
				CLANG_WARN_OBJC_ROOT_CLASS = YES_ERROR;
				CLANG_WARN_RANGE_LOOP_ANALYSIS = YES;
				CLANG_WARN_STRICT_PROTOTYPES = YES;
				CLANG_WARN_SUSPICIOUS_MOVE = YES;
				CLANG_WARN_UNGUARDED_AVAILABILITY = YES_AGGRESSIVE;
				CLANG_WARN_UNREACHABLE_CODE = YES;
				CLANG_WARN__DUPLICATE_METHOD_MATCH = YES;
				CODE_SIGN_IDENTITY = "iPhone Developer";
				COPY_PHASE_STRIP = NO;
				CURRENT_PROJECT_VERSION = 1;
				DEBUG_INFORMATION_FORMAT = "dwarf-with-dsym";
				ENABLE_NS_ASSERTIONS = NO;
				ENABLE_STRICT_OBJC_MSGSEND = YES;
				GCC_C_LANGUAGE_STANDARD = gnu11;
				GCC_NO_COMMON_BLOCKS = YES;
				GCC_WARN_64_TO_32_BIT_CONVERSION = YES;
				GCC_WARN_ABOUT_RETURN_TYPE = YES_ERROR;
				GCC_WARN_UNDECLARED_SELECTOR = YES;
				GCC_WARN_UNINITIALIZED_AUTOS = YES_AGGRESSIVE;
				GCC_WARN_UNUSED_FUNCTION = YES;
				GCC_WARN_UNUSED_VARIABLE = YES;
				IPHONEOS_DEPLOYMENT_TARGET = 11.1;
				MTL_ENABLE_DEBUG_INFO = NO;
				SDKROOT = iphoneos;
				VALIDATE_PRODUCT = YES;
				VERSIONING_SYSTEM = "apple-generic";
				VERSION_INFO_PREFIX = "";
			};
			name = Release;
		};
		3FDC633C1FC7DD5300524907 /* Debug */ = {
			isa = XCBuildConfiguration;
			buildSettings = {
				CODE_SIGN_IDENTITY = "";
				CODE_SIGN_STYLE = Automatic;
				DEFINES_MODULE = YES;
				DEVELOPMENT_TEAM = TS9WTSBK78;
				DYLIB_COMPATIBILITY_VERSION = 1;
				DYLIB_CURRENT_VERSION = 1;
				DYLIB_INSTALL_NAME_BASE = "@rpath";
				INFOPLIST_FILE = TPUSELNormalForwarding/Info.plist;
				INSTALL_PATH = "$(LOCAL_LIBRARY_DIR)/Frameworks";
				IPHONEOS_DEPLOYMENT_TARGET = 8.0;
				LD_RUNPATH_SEARCH_PATHS = "$(inherited) @executable_path/Frameworks @loader_path/Frameworks";
				PRODUCT_BUNDLE_IDENTIFIER = "tbd.tech.TPUSELNormalForwarding-iOS";
				PRODUCT_NAME = TPUSELNormalForwarding;
				SKIP_INSTALL = YES;
				TARGETED_DEVICE_FAMILY = "1,2";
			};
			name = Debug;
		};
		3FDC633D1FC7DD5300524907 /* Release */ = {
			isa = XCBuildConfiguration;
			buildSettings = {
				CODE_SIGN_IDENTITY = "";
				CODE_SIGN_STYLE = Automatic;
				DEFINES_MODULE = YES;
				DEVELOPMENT_TEAM = TS9WTSBK78;
				DYLIB_COMPATIBILITY_VERSION = 1;
				DYLIB_CURRENT_VERSION = 1;
				DYLIB_INSTALL_NAME_BASE = "@rpath";
				INFOPLIST_FILE = TPUSELNormalForwarding/Info.plist;
				INSTALL_PATH = "$(LOCAL_LIBRARY_DIR)/Frameworks";
				IPHONEOS_DEPLOYMENT_TARGET = 8.0;
				LD_RUNPATH_SEARCH_PATHS = "$(inherited) @executable_path/Frameworks @loader_path/Frameworks";
				PRODUCT_BUNDLE_IDENTIFIER = "tbd.tech.TPUSELNormalForwarding-iOS";
				PRODUCT_NAME = TPUSELNormalForwarding;
				SKIP_INSTALL = YES;
				TARGETED_DEVICE_FAMILY = "1,2";
			};
			name = Release;
		};
		3FF1466E1FC871DC0023D67B /* Debug */ = {
			isa = XCBuildConfiguration;
			buildSettings = {
				CODE_SIGN_IDENTITY = "Mac Developer";
				CODE_SIGN_STYLE = Automatic;
				DEVELOPMENT_TEAM = TS9WTSBK78;
				MACOSX_DEPLOYMENT_TARGET = 10.13;
				PRODUCT_NAME = "$(TARGET_NAME)";
				SDKROOT = macosx;
			};
			name = Debug;
		};
		3FF1466F1FC871DC0023D67B /* Release */ = {
			isa = XCBuildConfiguration;
			buildSettings = {
				CODE_SIGN_IDENTITY = "Mac Developer";
				CODE_SIGN_STYLE = Automatic;
				DEVELOPMENT_TEAM = TS9WTSBK78;
				MACOSX_DEPLOYMENT_TARGET = 10.13;
				PRODUCT_NAME = "$(TARGET_NAME)";
				SDKROOT = macosx;
			};
			name = Release;
		};
/* End XCBuildConfiguration section */

/* Begin XCConfigurationList section */
		3F5DECD11FC867A7004254F7 /* Build configuration list for PBXNativeTarget "TPUSELNormalForwarding tvOS" */ = {
			isa = XCConfigurationList;
			buildConfigurations = (
				3F5DECD21FC867A7004254F7 /* Debug */,
				3F5DECD31FC867A7004254F7 /* Release */,
			);
			defaultConfigurationIsVisible = 0;
			defaultConfigurationName = Release;
		};
		3F5DECDE1FC867B2004254F7 /* Build configuration list for PBXNativeTarget "TPUSELNormalForwarding macOS" */ = {
			isa = XCConfigurationList;
			buildConfigurations = (
				3F5DECDF1FC867B2004254F7 /* Debug */,
				3F5DECE01FC867B2004254F7 /* Release */,
			);
			defaultConfigurationIsVisible = 0;
			defaultConfigurationName = Release;
		};
		3F5DECEB1FC867C1004254F7 /* Build configuration list for PBXNativeTarget "TPUSELNormalForwarding watchOS" */ = {
			isa = XCConfigurationList;
			buildConfigurations = (
				3F5DECEC1FC867C1004254F7 /* Debug */,
				3F5DECED1FC867C1004254F7 /* Release */,
			);
			defaultConfigurationIsVisible = 0;
			defaultConfigurationName = Release;
		};
		3FDC632D1FC7DD5300524907 /* Build configuration list for PBXProject "TPUSELNormalForwarding" */ = {
			isa = XCConfigurationList;
			buildConfigurations = (
				3FDC63391FC7DD5300524907 /* Debug */,
				3FDC633A1FC7DD5300524907 /* Release */,
			);
			defaultConfigurationIsVisible = 0;
			defaultConfigurationName = Release;
		};
		3FDC633B1FC7DD5300524907 /* Build configuration list for PBXNativeTarget "TPUSELNormalForwarding iOS" */ = {
			isa = XCConfigurationList;
			buildConfigurations = (
				3FDC633C1FC7DD5300524907 /* Debug */,
				3FDC633D1FC7DD5300524907 /* Release */,
			);
			defaultConfigurationIsVisible = 0;
			defaultConfigurationName = Release;
		};
		3FF1466D1FC871DC0023D67B /* Build configuration list for PBXNativeTarget "TPUSELNormalForwarding Example" */ = {
			isa = XCConfigurationList;
			buildConfigurations = (
				3FF1466E1FC871DC0023D67B /* Debug */,
				3FF1466F1FC871DC0023D67B /* Release */,
			);
			defaultConfigurationIsVisible = 0;
			defaultConfigurationName = Release;
		};
/* End XCConfigurationList section */
	};
	rootObject = 3FDC632A1FC7DD5300524907 /* Project object */;
}
